
Microsoft Visual Studio Solution File, Format Version 12.00
# Visual Studio Version 17
VisualStudioVersion = 17.4.33213.308
MinimumVisualStudioVersion = 10.0.40219.1
Project("{FAE04EC0-301F-11D3-BF4B-00C04F79EFBC}") = "Buchhaltungssoftware", "Buchhaltungssoftware\Buchhaltungssoftware.csproj", "{136F0C95-D0B0-4D96-BADC-2AC4EA61F3EE}"
EndProject
Global
	GlobalSection(SolutionConfigurationPlatforms) = preSolution
		Debug|Any CPU = Debug|Any CPU
		Release|Any CPU = Release|Any CPU
	EndGlobalSection
	GlobalSection(ProjectConfigurationPlatforms) = postSolution
		{136F0C95-D0B0-4D96-BADC-2AC4EA61F3EE}.Debug|Any CPU.ActiveCfg = Debug|Any CPU
		{136F0C95-D0B0-4D96-BADC-2AC4EA61F3EE}.Debug|Any CPU.Build.0 = Debug|Any CPU
		{136F0C95-D0B0-4D96-BADC-2AC4EA61F3EE}.Release|Any CPU.ActiveCfg = Release|Any CPU
		{136F0C95-D0B0-4D96-BADC-2AC4EA61F3EE}.Release|Any CPU.Build.0 = Release|Any CPU
	EndGlobalSection
	GlobalSection(SolutionProperties) = preSolution
		HideSolutionNode = FALSE
	EndGlobalSection
	GlobalSection(ExtensibilityGlobals) = postSolution
		SolutionGuid = {5EFB2864-1A9A-4B06-BB0B-79AD9206E123}
	EndGlobalSection
EndGlobal
